
Microsoft Visual Studio Solution File, Format Version 12.00
# Visual Studio Version 16
VisualStudioVersion = 16.0.30804.86
MinimumVisualStudioVersion = 10.0.40219.1
Project("{FAE04EC0-301F-11D3-BF4B-00C04F79EFBC}") = "WEB_API_RESTful_CRUD", "WEB_API_RESTful_CRUD\WEB_API_RESTful_CRUD.csproj", "{80B805A1-40E3-4C4C-8C4A-E20C4689982C}"
EndProject
Global
	GlobalSection(SolutionConfigurationPlatforms) = preSolution
		Debug|Any CPU = Debug|Any CPU
		Release|Any CPU = Release|Any CPU
	EndGlobalSection
	GlobalSection(ProjectConfigurationPlatforms) = postSolution
		{80B805A1-40E3-4C4C-8C4A-E20C4689982C}.Debug|Any CPU.ActiveCfg = Debug|Any CPU
		{80B805A1-40E3-4C4C-8C4A-E20C4689982C}.Debug|Any CPU.Build.0 = Debug|Any CPU
		{80B805A1-40E3-4C4C-8C4A-E20C4689982C}.Release|Any CPU.ActiveCfg = Release|Any CPU
		{80B805A1-40E3-4C4C-8C4A-E20C4689982C}.Release|Any CPU.Build.0 = Release|Any CPU
	EndGlobalSection
	GlobalSection(SolutionProperties) = preSolution
		HideSolutionNode = FALSE
	EndGlobalSection
	GlobalSection(ExtensibilityGlobals) = postSolution
		SolutionGuid = {360C30B0-20FC-475E-B8BB-48C5C1C4D005}
	EndGlobalSection
EndGlobal
